// !$*UTF8*$!
{
	archiveVersion = 1;
	classes = {
	};
	objectVersion = 50;
	objects = {

/* Begin PBXBuildFile section */
		5B269D6020A026F4002EB6A0 /* Feature.swift in Sources */ = {isa = PBXBuildFile; fileRef = 5B269D5F20A026F4002EB6A0 /* Feature.swift */; };
		5B269D6220A045D7002EB6A0 /* Card.swift in Sources */ = {isa = PBXBuildFile; fileRef = 5B269D6120A045D7002EB6A0 /* Card.swift */; };
		5B269D6420A06093002EB6A0 /* SetGame.swift in Sources */ = {isa = PBXBuildFile; fileRef = 5B269D6320A06093002EB6A0 /* SetGame.swift */; };
		5B269D6620A19B66002EB6A0 /* FeatureProtocol.swift in Sources */ = {isa = PBXBuildFile; fileRef = 5B269D6520A19B66002EB6A0 /* FeatureProtocol.swift */; };
		5B8EF5BE20920D820060BF85 /* AppDelegate.swift in Sources */ = {isa = PBXBuildFile; fileRef = 5B8EF5BD20920D820060BF85 /* AppDelegate.swift */; };
		5B8EF5C020920D820060BF85 /* ViewController.swift in Sources */ = {isa = PBXBuildFile; fileRef = 5B8EF5BF20920D820060BF85 /* ViewController.swift */; };
		5B8EF5C320920D820060BF85 /* Main.storyboard in Resources */ = {isa = PBXBuildFile; fileRef = 5B8EF5C120920D820060BF85 /* Main.storyboard */; };
		5B8EF5C520920D840060BF85 /* Assets.xcassets in Resources */ = {isa = PBXBuildFile; fileRef = 5B8EF5C420920D840060BF85 /* Assets.xcassets */; };
		5B8EF5C820920D840060BF85 /* LaunchScreen.storyboard in Resources */ = {isa = PBXBuildFile; fileRef = 5B8EF5C620920D840060BF85 /* LaunchScreen.storyboard */; };
/* End PBXBuildFile section */

/* Begin PBXFileReference section */
		5B269D5F20A026F4002EB6A0 /* Feature.swift */ = {isa = PBXFileReference; lastKnownFileType = sourcecode.swift; path = Feature.swift; sourceTree = "<group>"; };
		5B269D6120A045D7002EB6A0 /* Card.swift */ = {isa = PBXFileReference; lastKnownFileType = sourcecode.swift; path = Card.swift; sourceTree = "<group>"; };
		5B269D6320A06093002EB6A0 /* SetGame.swift */ = {isa = PBXFileReference; lastKnownFileType = sourcecode.swift; path = SetGame.swift; sourceTree = "<group>"; };
		5B269D6520A19B66002EB6A0 /* FeatureProtocol.swift */ = {isa = PBXFileReference; lastKnownFileType = sourcecode.swift; path = FeatureProtocol.swift; sourceTree = "<group>"; };
		5B8EF5BA20920D820060BF85 /* SetGame.app */ = {isa = PBXFileReference; explicitFileType = wrapper.application; includeInIndex = 0; path = SetGame.app; sourceTree = BUILT_PRODUCTS_DIR; };
		5B8EF5BD20920D820060BF85 /* AppDelegate.swift */ = {isa = PBXFileReference; lastKnownFileType = sourcecode.swift; path = AppDelegate.swift; sourceTree = "<group>"; };
		5B8EF5BF20920D820060BF85 /* ViewController.swift */ = {isa = PBXFileReference; lastKnownFileType = sourcecode.swift; path = ViewController.swift; sourceTree = "<group>"; };
		5B8EF5C220920D820060BF85 /* Base */ = {isa = PBXFileReference; lastKnownFileType = file.storyboard; name = Base; path = Base.lproj/Main.storyboard; sourceTree = "<group>"; };
		5B8EF5C420920D840060BF85 /* Assets.xcassets */ = {isa = PBXFileReference; lastKnownFileType = folder.assetcatalog; path = Assets.xcassets; sourceTree = "<group>"; };
		5B8EF5C720920D840060BF85 /* Base */ = {isa = PBXFileReference; lastKnownFileType = file.storyboard; name = Base; path = Base.lproj/LaunchScreen.storyboard; sourceTree = "<group>"; };
		5B8EF5C920920D840060BF85 /* Info.plist */ = {isa = PBXFileReference; lastKnownFileType = text.plist.xml; path = Info.plist; sourceTree = "<group>"; };
/* End PBXFileReference section */

/* Begin PBXFrameworksBuildPhase section */
		5B8EF5B720920D820060BF85 /* Frameworks */ = {
			isa = PBXFrameworksBuildPhase;
			buildActionMask = 2147483647;
			files = (
			);
			runOnlyForDeploymentPostprocessing = 0;
		};
/* End PBXFrameworksBuildPhase section */

/* Begin PBXGroup section */
		5B8EF5B120920D820060BF85 = {
			isa = PBXGroup;
			children = (
				5B8EF5BC20920D820060BF85 /* SetGame */,
				5B8EF5BB20920D820060BF85 /* Products */,
			);
			sourceTree = "<group>";
		};
		5B8EF5BB20920D820060BF85 /* Products */ = {
			isa = PBXGroup;
			children = (
				5B8EF5BA20920D820060BF85 /* SetGame.app */,
			);
			name = Products;
			sourceTree = "<group>";
		};
		5B8EF5BC20920D820060BF85 /* SetGame */ = {
			isa = PBXGroup;
			children = (
				5B8EF5BD20920D820060BF85 /* AppDelegate.swift */,
				5B8EF5BF20920D820060BF85 /* ViewController.swift */,
				5B8EF5C120920D820060BF85 /* Main.storyboard */,
				5B8EF5C420920D840060BF85 /* Assets.xcassets */,
				5B8EF5C620920D840060BF85 /* LaunchScreen.storyboard */,
				5B8EF5C920920D840060BF85 /* Info.plist */,
				5B269D5F20A026F4002EB6A0 /* Feature.swift */,
				5B269D6120A045D7002EB6A0 /* Card.swift */,
				5B269D6520A19B66002EB6A0 /* FeatureProtocol.swift */,
				5B269D6320A06093002EB6A0 /* SetGame.swift */,
			);
			path = SetGame;
			sourceTree = "<group>";
		};
/* End PBXGroup section */

/* Begin PBXNativeTarget section */
		5B8EF5B920920D820060BF85 /* SetGame */ = {
			isa = PBXNativeTarget;
			buildConfigurationList = 5B8EF5CC20920D840060BF85 /* Build configuration list for PBXNativeTarget "SetGame" */;
			buildPhases = (
				5B8EF5B620920D820060BF85 /* Sources */,
				5B8EF5B720920D820060BF85 /* Frameworks */,
				5B8EF5B820920D820060BF85 /* Resources */,
			);
			buildRules = (
			);
			dependencies = (
			);
			name = SetGame;
			productName = SetGame;
			productReference = 5B8EF5BA20920D820060BF85 /* SetGame.app */;
			productType = "com.apple.product-type.application";
		};
/* End PBXNativeTarget section */

/* Begin PBXProject section */
		5B8EF5B220920D820060BF85 /* Project object */ = {
			isa = PBXProject;
			attributes = {
				LastSwiftUpdateCheck = 0930;
				LastUpgradeCheck = 0930;
				ORGANIZATIONNAME = "Yeh, Louis";
				TargetAttributes = {
					5B8EF5B920920D820060BF85 = {
						CreatedOnToolsVersion = 9.3;
					};
				};
			};
			buildConfigurationList = 5B8EF5B520920D820060BF85 /* Build configuration list for PBXProject "SetGame" */;
			compatibilityVersion = "Xcode 9.3";
			developmentRegion = en;
			hasScannedForEncodings = 0;
			knownRegions = (
				en,
				Base,
			);
			mainGroup = 5B8EF5B120920D820060BF85;
			productRefGroup = 5B8EF5BB20920D820060BF85 /* Products */;
			projectDirPath = "";
			projectRoot = "";
			targets = (
				5B8EF5B920920D820060BF85 /* SetGame */,
			);
		};
/* End PBXProject section */

/* Begin PBXResourcesBuildPhase section */
		5B8EF5B820920D820060BF85 /* Resources */ = {
			isa = PBXResourcesBuildPhase;
			buildActionMask = 2147483647;
			files = (
				5B8EF5C820920D840060BF85 /* LaunchScreen.storyboard in Resources */,
				5B8EF5C520920D840060BF85 /* Assets.xcassets in Resources */,
				5B8EF5C320920D820060BF85 /* Main.storyboard in Resources */,
			);
			runOnlyForDeploymentPostprocessing = 0;
		};
/* End PBXResourcesBuildPhase section */

/* Begin PBXSourcesBuildPhase section */
		5B8EF5B620920D820060BF85 /* Sources */ = {
			isa = PBXSourcesBuildPhase;
			buildActionMask = 2147483647;
			files = (
				5B269D6620A19B66002EB6A0 /* FeatureProtocol.swift in Sources */,
				5B8EF5C020920D820060BF85 /* ViewController.swift in Sources */,
				5B269D6020A026F4002EB6A0 /* Feature.swift in Sources */,
				5B269D6420A06093002EB6A0 /* SetGame.swift in Sources */,
				5B8EF5BE20920D820060BF85 /* AppDelegate.swift in Sources */,
				5B269D6220A045D7002EB6A0 /* Card.swift in Sources */,
			);
			runOnlyForDeploymentPostprocessing = 0;
		};
/* End PBXSourcesBuildPhase section */

/* Begin PBXVariantGroup section */
		5B8EF5C120920D820060BF85 /* Main.storyboard */ = {
			isa = PBXVariantGroup;
			children = (
				5B8EF5C220920D820060BF85 /* Base */,
			);
			name = Main.storyboard;
			sourceTree = "<group>";
		};
		5B8EF5C620920D840060BF85 /* LaunchScreen.storyboard */ = {
			isa = PBXVariantGroup;
			children = (
				5B8EF5C720920D840060BF85 /* Base */,
			);
			name = LaunchScreen.storyboard;
			sourceTree = "<group>";
		};
/* End PBXVariantGroup section */

/* Begin XCBuildConfiguration section */
		5B8EF5CA20920D840060BF85 /* Debug */ = {
			isa = XCBuildConfiguration;
			buildSettings = {
				ALWAYS_SEARCH_USER_PATHS = NO;
				CLANG_ANALYZER_NONNULL = YES;
				CLANG_ANALYZER_NUMBER_OBJECT_CONVERSION = YES_AGGRESSIVE;
				CLANG_CXX_LANGUAGE_STANDARD = "gnu++14";
				CLANG_CXX_LIBRARY = "libc++";
				CLANG_ENABLE_MODULES = YES;
				CLANG_ENABLE_OBJC_ARC = YES;
				CLANG_ENABLE_OBJC_WEAK = YES;
				CLANG_WARN_BLOCK_CAPTURE_AUTORELEASING = YES;
				CLANG_WARN_BOOL_CONVERSION = YES;
				CLANG_WARN_COMMA = YES;
				CLANG_WARN_CONSTANT_CONVERSION = YES;
				CLANG_WARN_DEPRECATED_OBJC_IMPLEMENTATIONS = YES;
				CLANG_WARN_DIRECT_OBJC_ISA_USAGE = YES_ERROR;
				CLANG_WARN_DOCUMENTATION_COMMENTS = YES;
				CLANG_WARN_EMPTY_BODY = YES;
				CLANG_WARN_ENUM_CONVERSION = YES;
				CLANG_WARN_INFINITE_RECURSION = YES;
				CLANG_WARN_INT_CONVERSION = YES;
				CLANG_WARN_NON_LITERAL_NULL_CONVERSION = YES;
				CLANG_WARN_OBJC_IMPLICIT_RETAIN_SELF = YES;
				CLANG_WARN_OBJC_LITERAL_CONVERSION = YES;
				CLANG_WARN_OBJC_ROOT_CLASS = YES_ERROR;
				CLANG_WARN_RANGE_LOOP_ANALYSIS = YES;
				CLANG_WARN_STRICT_PROTOTYPES = YES;
				CLANG_WARN_SUSPICIOUS_MOVE = YES;
				CLANG_WARN_UNGUARDED_AVAILABILITY = YES_AGGRESSIVE;
				CLANG_WARN_UNREACHABLE_CODE = YES;
				CLANG_WARN__DUPLICATE_METHOD_MATCH = YES;
				CODE_SIGN_IDENTITY = "iPhone Developer";
				COPY_PHASE_STRIP = NO;
				DEBUG_INFORMATION_FORMAT = dwarf;
				ENABLE_STRICT_OBJC_MSGSEND = YES;
				ENABLE_TESTABILITY = YES;
				GCC_C_LANGUAGE_STANDARD = gnu11;
				GCC_DYNAMIC_NO_PIC = NO;
				GCC_NO_COMMON_BLOCKS = YES;
				GCC_OPTIMIZATION_LEVEL = 0;
				GCC_PREPROCESSOR_DEFINITIONS = (
					"DEBUG=1",
					"$(inherited)",
				);
				GCC_WARN_64_TO_32_BIT_CONVERSION = YES;
				GCC_WARN_ABOUT_RETURN_TYPE = YES_ERROR;
				GCC_WARN_UNDECLARED_SELECTOR = YES;
				GCC_WARN_UNINITIALIZED_AUTOS = YES_AGGRESSIVE;
				GCC_WARN_UNUSED_FUNCTION = YES;
				GCC_WARN_UNUSED_VARIABLE = YES;
				IPHONEOS_DEPLOYMENT_TARGET = 11.3;
				MTL_ENABLE_DEBUG_INFO = YES;
				ONLY_ACTIVE_ARCH = YES;
				SDKROOT = iphoneos;
				SWIFT_ACTIVE_COMPILATION_CONDITIONS = DEBUG;
				SWIFT_OPTIMIZATION_LEVEL = "-Onone";
			};
			name = Debug;
		};
		5B8EF5CB20920D840060BF85 /* Release */ = {
			isa = XCBuildConfiguration;
			buildSettings = {
				ALWAYS_SEARCH_USER_PATHS = NO;
				CLANG_ANALYZER_NONNULL = YES;
				CLANG_ANALYZER_NUMBER_OBJECT_CONVERSION = YES_AGGRESSIVE;
				CLANG_CXX_LANGUAGE_STANDARD = "gnu++14";
				CLANG_CXX_LIBRARY = "libc++";
				CLANG_ENABLE_MODULES = YES;
				CLANG_ENABLE_OBJC_ARC = YES;
				CLANG_ENABLE_OBJC_WEAK = YES;
				CLANG_WARN_BLOCK_CAPTURE_AUTORELEASING = YES;
				CLANG_WARN_BOOL_CONVERSION = YES;
				CLANG_WARN_COMMA = YES;
				CLANG_WARN_CONSTANT_CONVERSION = YES;
				CLANG_WARN_DEPRECATED_OBJC_IMPLEMENTATIONS = YES;
				CLANG_WARN_DIRECT_OBJC_ISA_USAGE = YES_ERROR;
				CLANG_WARN_DOCUMENTATION_COMMENTS = YES;
				CLANG_WARN_EMPTY_BODY = YES;
				CLANG_WARN_ENUM_CONVERSION = YES;
				CLANG_WARN_INFINITE_RECURSION = YES;
				CLANG_WARN_INT_CONVERSION = YES;
				CLANG_WARN_NON_LITERAL_NULL_CONVERSION = YES;
				CLANG_WARN_OBJC_IMPLICIT_RETAIN_SELF = YES;
				CLANG_WARN_OBJC_LITERAL_CONVERSION = YES;
				CLANG_WARN_OBJC_ROOT_CLASS = YES_ERROR;
				CLANG_WARN_RANGE_LOOP_ANALYSIS = YES;
				CLANG_WARN_STRICT_PROTOTYPES = YES;
				CLANG_WARN_SUSPICIOUS_MOVE = YES;
				CLANG_WARN_UNGUARDED_AVAILABILITY = YES_AGGRESSIVE;
				CLANG_WARN_UNREACHABLE_CODE = YES;
				CLANG_WARN__DUPLICATE_METHOD_MATCH = YES;
				CODE_SIGN_IDENTITY = "iPhone Developer";
				COPY_PHASE_STRIP = NO;
				DEBUG_INFORMATION_FORMAT = "dwarf-with-dsym";
				ENABLE_NS_ASSERTIONS = NO;
				ENABLE_STRICT_OBJC_MSGSEND = YES;
				GCC_C_LANGUAGE_STANDARD = gnu11;
				GCC_NO_COMMON_BLOCKS = YES;
				GCC_WARN_64_TO_32_BIT_CONVERSION = YES;
				GCC_WARN_ABOUT_RETURN_TYPE = YES_ERROR;
				GCC_WARN_UNDECLARED_SELECTOR = YES;
				GCC_WARN_UNINITIALIZED_AUTOS = YES_AGGRESSIVE;
				GCC_WARN_UNUSED_FUNCTION = YES;
				GCC_WARN_UNUSED_VARIABLE = YES;
				IPHONEOS_DEPLOYMENT_TARGET = 11.3;
				MTL_ENABLE_DEBUG_INFO = NO;
				SDKROOT = iphoneos;
				SWIFT_COMPILATION_MODE = wholemodule;
				SWIFT_OPTIMIZATION_LEVEL = "-O";
				VALIDATE_PRODUCT = YES;
			};
			name = Release;
		};
		5B8EF5CD20920D840060BF85 /* Debug */ = {
			isa = XCBuildConfiguration;
			buildSettings = {
				ASSETCATALOG_COMPILER_APPICON_NAME = AppIcon;
				CODE_SIGN_STYLE = Automatic;
				DEVELOPMENT_TEAM = 9QZ5CHJN6Z;
				INFOPLIST_FILE = SetGame/Info.plist;
				LD_RUNPATH_SEARCH_PATHS = (
					"$(inherited)",
					"@executable_path/Frameworks",
				);
				PRODUCT_BUNDLE_IDENTIFIER = GarminLouis.SetGame;
				PRODUCT_NAME = "$(TARGET_NAME)";
				SWIFT_VERSION = 4.0;
				TARGETED_DEVICE_FAMILY = "1,2";
			};
			name = Debug;
		};
		5B8EF5CE20920D840060BF85 /* Release */ = {
			isa = XCBuildConfiguration;
			buildSettings = {
				ASSETCATALOG_COMPILER_APPICON_NAME = AppIcon;
				CODE_SIGN_STYLE = Automatic;
				DEVELOPMENT_TEAM = 9QZ5CHJN6Z;
				INFOPLIST_FILE = SetGame/Info.plist;
				LD_RUNPATH_SEARCH_PATHS = (
					"$(inherited)",
					"@executable_path/Frameworks",
				);
				PRODUCT_BUNDLE_IDENTIFIER = GarminLouis.SetGame;
				PRODUCT_NAME = "$(TARGET_NAME)";
				SWIFT_VERSION = 4.0;
				TARGETED_DEVICE_FAMILY = "1,2";
			};
			name = Release;
		};
/* End XCBuildConfiguration section */

/* Begin XCConfigurationList section */
		5B8EF5B520920D820060BF85 /* Build configuration list for PBXProject "SetGame" */ = {
			isa = XCConfigurationList;
			buildConfigurations = (
				5B8EF5CA20920D840060BF85 /* Debug */,
				5B8EF5CB20920D840060BF85 /* Release */,
			);
			defaultConfigurationIsVisible = 0;
			defaultConfigurationName = Release;
		};
		5B8EF5CC20920D840060BF85 /* Build configuration list for PBXNativeTarget "SetGame" */ = {
			isa = XCConfigurationList;
			buildConfigurations = (
				5B8EF5CD20920D840060BF85 /* Debug */,
				5B8EF5CE20920D840060BF85 /* Release */,
			);
			defaultConfigurationIsVisible = 0;
			defaultConfigurationName = Release;
		};
/* End XCConfigurationList section */
	};
	rootObject = 5B8EF5B220920D820060BF85 /* Project object */;
}
